
Microsoft Visual Studio Solution File, Format Version 12.00
# Visual Studio 15
VisualStudioVersion = 15.0.27703.2035
MinimumVisualStudioVersion = 10.0.40219.1
Project("{FAE04EC0-301F-11D3-BF4B-00C04F79EFBC}") = "BookStore", "BookStore\BookStore.csproj", "{DD619D07-54F8-4F2D-8792-6D055749DAFF}"
EndProject
Global
	GlobalSection(SolutionConfigurationPlatforms) = preSolution
		Debug|Any CPU = Debug|Any CPU
		Release|Any CPU = Release|Any CPU
	EndGlobalSection
	GlobalSection(ProjectConfigurationPlatforms) = postSolution
		{DD619D07-54F8-4F2D-8792-6D055749DAFF}.Debug|Any CPU.ActiveCfg = Debug|Any CPU
		{DD619D07-54F8-4F2D-8792-6D055749DAFF}.Debug|Any CPU.Build.0 = Debug|Any CPU
		{DD619D07-54F8-4F2D-8792-6D055749DAFF}.Release|Any CPU.ActiveCfg = Release|Any CPU
		{DD619D07-54F8-4F2D-8792-6D055749DAFF}.Release|Any CPU.Build.0 = Release|Any CPU
	EndGlobalSection
	GlobalSection(SolutionProperties) = preSolution
		HideSolutionNode = FALSE
	EndGlobalSection
	GlobalSection(ExtensibilityGlobals) = postSolution
		SolutionGuid = {D25622E8-3790-4050-ADDD-93DEFCB578EE}
	EndGlobalSection
EndGlobal
